{
  "name": "TopicPicker",
  "lockfileVersion": 2,
  "requires": true,
  "packages": {
    "": {
      "dependencies": {
        "mdi": "^2.2.43",
        "typescript": "^4.9.4"
      }
    },
    "node_modules/mdi": {
      "version": "2.2.43",
      "resolved": "https://registry.npmjs.org/mdi/-/mdi-2.2.43.tgz",
      "integrity": "sha512-g3m6z4303qieltUM20JL2gdsJZvoVzIzO74qa2XxZ2kg9JPwrPEAgooVhRDHZi1vvRh0gB8Dg+c9XqNdz4jcIg==",
      "deprecated": "The mdi package was renamed to @mdi/font after v2.2.43. Please rename in your package.json for future updates."
    },
    "node_modules/typescript": {
      "version": "4.9.4",
      "resolved": "https://registry.npmjs.org/typescript/-/typescript-4.9.4.tgz",
      "integrity": "sha512-Uz+dTXYzxXXbsFpM86Wh3dKCxrQqUcVMxwU54orwlJjOpO3ao8L7j5lH+dWfTwgCwIuM9GQ2kvVotzYJMXTBZg==",
      "bin": {
        "tsc": "bin/tsc",
        "tsserver": "bin/tsserver"
      },
      "engines": {
        "node": ">=4.2.0"
      }
    }
  },
  "dependencies": {
    "mdi": {
      "version": "2.2.43",
      "resolved": "https://registry.npmjs.org/mdi/-/mdi-2.2.43.tgz",
      "integrity": "sha512-g3m6z4303qieltUM20JL2gdsJZvoVzIzO74qa2XxZ2kg9JPwrPEAgooVhRDHZi1vvRh0gB8Dg+c9XqNdz4jcIg=="
    },
    "typescript": {
      "version": "4.9.4",
      "resolved": "https://registry.npmjs.org/typescript/-/typescript-4.9.4.tgz",
      "integrity": "sha512-Uz+dTXYzxXXbsFpM86Wh3dKCxrQqUcVMxwU54orwlJjOpO3ao8L7j5lH+dWfTwgCwIuM9GQ2kvVotzYJMXTBZg=="
    }
  }
}
